
Microsoft Visual Studio Solution File, Format Version 12.00
# Visual Studio Version 16
VisualStudioVersion = 16.0.30717.126
MinimumVisualStudioVersion = 10.0.40219.1
Project("{9A19103F-16F7-4668-BE54-9A1E7A4F7556}") = "Assignment1Program", "Assignment1Program.csproj", "{16760A45-DD27-4DBD-8453-9B9A78FC453C}"
EndProject
Project("{9A19103F-16F7-4668-BE54-9A1E7A4F7556}") = "Assignment1_unitTests", "..\Assignment1_unitTests\Assignment1_unitTests.csproj", "{97D4D832-5167-427B-B79E-081BC91E6116}"
EndProject
Project("{9A19103F-16F7-4668-BE54-9A1E7A4F7556}") = "Assignment1GUI", "..\Assignment1GUI\Assignment1GUI.csproj", "{7E4184C5-DAFD-4EE4-AF21-298A9DB5905C}"
EndProject
Project("{9A19103F-16F7-4668-BE54-9A1E7A4F7556}") = "IGUIAdapter", "..\IGUIMiddleMan\IGUIAdapter.csproj", "{54BF21C5-1568-4F9F-A51A-DE1CE90D57B2}"
EndProject
Project("{9A19103F-16F7-4668-BE54-9A1E7A4F7556}") = "SimpleWPFChart", "..\SimpleWPFChart\SimpleWPFChart.csproj", "{EF579DF5-F4A5-41E8-AC5C-118966E22CB3}"
EndProject
Project("{9A19103F-16F7-4668-BE54-9A1E7A4F7556}") = "Utils", "..\Utils\Utils.csproj", "{E0DF2D41-D1A2-41D7-B25A-F61451072192}"
EndProject
Global
	GlobalSection(SolutionConfigurationPlatforms) = preSolution
		Debug|Any CPU = Debug|Any CPU
		Release|Any CPU = Release|Any CPU
	EndGlobalSection
	GlobalSection(ProjectConfigurationPlatforms) = postSolution
		{16760A45-DD27-4DBD-8453-9B9A78FC453C}.Debug|Any CPU.ActiveCfg = Debug|Any CPU
		{16760A45-DD27-4DBD-8453-9B9A78FC453C}.Debug|Any CPU.Build.0 = Debug|Any CPU
		{16760A45-DD27-4DBD-8453-9B9A78FC453C}.Release|Any CPU.ActiveCfg = Release|Any CPU
		{16760A45-DD27-4DBD-8453-9B9A78FC453C}.Release|Any CPU.Build.0 = Release|Any CPU
		{97D4D832-5167-427B-B79E-081BC91E6116}.Debug|Any CPU.ActiveCfg = Debug|Any CPU
		{97D4D832-5167-427B-B79E-081BC91E6116}.Debug|Any CPU.Build.0 = Debug|Any CPU
		{97D4D832-5167-427B-B79E-081BC91E6116}.Release|Any CPU.ActiveCfg = Release|Any CPU
		{97D4D832-5167-427B-B79E-081BC91E6116}.Release|Any CPU.Build.0 = Release|Any CPU
		{7E4184C5-DAFD-4EE4-AF21-298A9DB5905C}.Debug|Any CPU.ActiveCfg = Debug|Any CPU
		{7E4184C5-DAFD-4EE4-AF21-298A9DB5905C}.Debug|Any CPU.Build.0 = Debug|Any CPU
		{7E4184C5-DAFD-4EE4-AF21-298A9DB5905C}.Release|Any CPU.ActiveCfg = Release|Any CPU
		{7E4184C5-DAFD-4EE4-AF21-298A9DB5905C}.Release|Any CPU.Build.0 = Release|Any CPU
		{54BF21C5-1568-4F9F-A51A-DE1CE90D57B2}.Debug|Any CPU.ActiveCfg = Debug|Any CPU
		{54BF21C5-1568-4F9F-A51A-DE1CE90D57B2}.Debug|Any CPU.Build.0 = Debug|Any CPU
		{54BF21C5-1568-4F9F-A51A-DE1CE90D57B2}.Release|Any CPU.ActiveCfg = Release|Any CPU
		{54BF21C5-1568-4F9F-A51A-DE1CE90D57B2}.Release|Any CPU.Build.0 = Release|Any CPU
		{EF579DF5-F4A5-41E8-AC5C-118966E22CB3}.Debug|Any CPU.ActiveCfg = Debug|Any CPU
		{EF579DF5-F4A5-41E8-AC5C-118966E22CB3}.Debug|Any CPU.Build.0 = Debug|Any CPU
		{EF579DF5-F4A5-41E8-AC5C-118966E22CB3}.Release|Any CPU.ActiveCfg = Release|Any CPU
		{EF579DF5-F4A5-41E8-AC5C-118966E22CB3}.Release|Any CPU.Build.0 = Release|Any CPU
		{E0DF2D41-D1A2-41D7-B25A-F61451072192}.Debug|Any CPU.ActiveCfg = Debug|Any CPU
		{E0DF2D41-D1A2-41D7-B25A-F61451072192}.Debug|Any CPU.Build.0 = Debug|Any CPU
		{E0DF2D41-D1A2-41D7-B25A-F61451072192}.Release|Any CPU.ActiveCfg = Release|Any CPU
		{E0DF2D41-D1A2-41D7-B25A-F61451072192}.Release|Any CPU.Build.0 = Release|Any CPU
	EndGlobalSection
	GlobalSection(SolutionProperties) = preSolution
		HideSolutionNode = FALSE
	EndGlobalSection
	GlobalSection(ExtensibilityGlobals) = postSolution
		SolutionGuid = {634BA61D-FFAE-41B8-BF34-6E9C8ACD7DFA}
	EndGlobalSection
EndGlobal
